
Microsoft Visual Studio Solution File, Format Version 12.00
# Visual Studio Version 17
VisualStudioVersion = 17.7.34009.444
MinimumVisualStudioVersion = 10.0.40219.1
Project("{FAE04EC0-301F-11D3-BF4B-00C04F79EFBC}") = "treinamentoSwitchCase", "treinamentoSwitchCase\treinamentoSwitchCase.csproj", "{CAE0977C-2869-430E-8DF2-C3BEE77D478D}"
EndProject
Global
	GlobalSection(SolutionConfigurationPlatforms) = preSolution
		Debug|Any CPU = Debug|Any CPU
		Release|Any CPU = Release|Any CPU
	EndGlobalSection
	GlobalSection(ProjectConfigurationPlatforms) = postSolution
		{CAE0977C-2869-430E-8DF2-C3BEE77D478D}.Debug|Any CPU.ActiveCfg = Debug|Any CPU
		{CAE0977C-2869-430E-8DF2-C3BEE77D478D}.Debug|Any CPU.Build.0 = Debug|Any CPU
		{CAE0977C-2869-430E-8DF2-C3BEE77D478D}.Release|Any CPU.ActiveCfg = Release|Any CPU
		{CAE0977C-2869-430E-8DF2-C3BEE77D478D}.Release|Any CPU.Build.0 = Release|Any CPU
	EndGlobalSection
	GlobalSection(SolutionProperties) = preSolution
		HideSolutionNode = FALSE
	EndGlobalSection
	GlobalSection(ExtensibilityGlobals) = postSolution
		SolutionGuid = {4F9621C5-FBA6-47F8-B34A-07617876C74B}
	EndGlobalSection
EndGlobal
