
Microsoft Visual Studio Solution File, Format Version 12.00
# Visual Studio Version 17
VisualStudioVersion = 17.6.33829.357
MinimumVisualStudioVersion = 10.0.40219.1
Project("{FAE04EC0-301F-11D3-BF4B-00C04F79EFBC}") = "exercicioFixaxaoConversao", "exercicioFixaxaoConversao\exercicioFixaxaoConversao.csproj", "{388EC8AA-DBE2-49EF-83B7-DD7D4DE00F9B}"
EndProject
Global
	GlobalSection(SolutionConfigurationPlatforms) = preSolution
		Debug|Any CPU = Debug|Any CPU
		Release|Any CPU = Release|Any CPU
	EndGlobalSection
	GlobalSection(ProjectConfigurationPlatforms) = postSolution
		{388EC8AA-DBE2-49EF-83B7-DD7D4DE00F9B}.Debug|Any CPU.ActiveCfg = Debug|Any CPU
		{388EC8AA-DBE2-49EF-83B7-DD7D4DE00F9B}.Debug|Any CPU.Build.0 = Debug|Any CPU
		{388EC8AA-DBE2-49EF-83B7-DD7D4DE00F9B}.Release|Any CPU.ActiveCfg = Release|Any CPU
		{388EC8AA-DBE2-49EF-83B7-DD7D4DE00F9B}.Release|Any CPU.Build.0 = Release|Any CPU
	EndGlobalSection
	GlobalSection(SolutionProperties) = preSolution
		HideSolutionNode = FALSE
	EndGlobalSection
	GlobalSection(ExtensibilityGlobals) = postSolution
		SolutionGuid = {B50BAA2A-0634-4819-ACC2-A7952C1E89F3}
	EndGlobalSection
EndGlobal
