
Microsoft Visual Studio Solution File, Format Version 12.00
# Visual Studio Version 17
VisualStudioVersion = 17.7.34009.444
MinimumVisualStudioVersion = 10.0.40219.1
Project("{FAE04EC0-301F-11D3-BF4B-00C04F79EFBC}") = "ExercicioDeNotas", "ExercicioDeNotas\ExercicioDeNotas.csproj", "{77528883-F1E4-43B2-A71C-6226AE37FDED}"
EndProject
Global
	GlobalSection(SolutionConfigurationPlatforms) = preSolution
		Debug|Any CPU = Debug|Any CPU
		Release|Any CPU = Release|Any CPU
	EndGlobalSection
	GlobalSection(ProjectConfigurationPlatforms) = postSolution
		{77528883-F1E4-43B2-A71C-6226AE37FDED}.Debug|Any CPU.ActiveCfg = Debug|Any CPU
		{77528883-F1E4-43B2-A71C-6226AE37FDED}.Debug|Any CPU.Build.0 = Debug|Any CPU
		{77528883-F1E4-43B2-A71C-6226AE37FDED}.Release|Any CPU.ActiveCfg = Release|Any CPU
		{77528883-F1E4-43B2-A71C-6226AE37FDED}.Release|Any CPU.Build.0 = Release|Any CPU
	EndGlobalSection
	GlobalSection(SolutionProperties) = preSolution
		HideSolutionNode = FALSE
	EndGlobalSection
	GlobalSection(ExtensibilityGlobals) = postSolution
		SolutionGuid = {6DEC25D2-490B-4971-97A9-3E589644576E}
	EndGlobalSection
EndGlobal
