
Microsoft Visual Studio Solution File, Format Version 12.00
# Visual Studio Version 17
VisualStudioVersion = 17.6.33829.357
MinimumVisualStudioVersion = 10.0.40219.1
Project("{FAE04EC0-301F-11D3-BF4B-00C04F79EFBC}") = "EntradaDeDados", "EntradaDeDados\EntradaDeDados.csproj", "{A7F90C55-D354-4693-A1AE-1CF97BED198C}"
EndProject
Global
	GlobalSection(SolutionConfigurationPlatforms) = preSolution
		Debug|Any CPU = Debug|Any CPU
		Release|Any CPU = Release|Any CPU
	EndGlobalSection
	GlobalSection(ProjectConfigurationPlatforms) = postSolution
		{A7F90C55-D354-4693-A1AE-1CF97BED198C}.Debug|Any CPU.ActiveCfg = Debug|Any CPU
		{A7F90C55-D354-4693-A1AE-1CF97BED198C}.Debug|Any CPU.Build.0 = Debug|Any CPU
		{A7F90C55-D354-4693-A1AE-1CF97BED198C}.Release|Any CPU.ActiveCfg = Release|Any CPU
		{A7F90C55-D354-4693-A1AE-1CF97BED198C}.Release|Any CPU.Build.0 = Release|Any CPU
	EndGlobalSection
	GlobalSection(SolutionProperties) = preSolution
		HideSolutionNode = FALSE
	EndGlobalSection
	GlobalSection(ExtensibilityGlobals) = postSolution
		SolutionGuid = {D7617A21-9D0C-49EC-8C09-7C4C8F5EFABA}
	EndGlobalSection
EndGlobal
